
Microsoft Visual Studio Solution File, Format Version 12.00
# Visual Studio Version 17
VisualStudioVersion = 17.13.35931.197
MinimumVisualStudioVersion = 10.0.40219.1
Project("{FAE04EC0-301F-11D3-BF4B-00C04F79EFBC}") = "WorldSim.RefineryClient", "WorldSim.RefineryClient\WorldSim.RefineryClient.csproj", "{80372BC7-2532-4ADE-83E9-8FC29A604667}"
EndProject
Project("{FAE04EC0-301F-11D3-BF4B-00C04F79EFBC}") = "WorldSim.RefineryClient.Tests", "WorldSim.RefineryClient.Tests\WorldSim.RefineryClient.Tests.csproj", "{339D82CD-A4BB-4D0F-906D-D4050EECAF1F}"
EndProject
Project("{FAE04EC0-301F-11D3-BF4B-00C04F79EFBC}") = "WorldSim.App", "WorldSim.App\WorldSim.App.csproj", "{10F0B56A-1F4A-4589-A4A7-9D9179022180}"
EndProject
Project("{FAE04EC0-301F-11D3-BF4B-00C04F79EFBC}") = "WorldSim.Graphics", "WorldSim.Graphics\WorldSim.Graphics.csproj", "{19EF43F3-A187-477D-9ECF-80952A1CD427}"
EndProject
Project("{FAE04EC0-301F-11D3-BF4B-00C04F79EFBC}") = "WorldSim.Runtime", "WorldSim.Runtime\WorldSim.Runtime.csproj", "{8B6BF486-9680-407D-99ED-741FEE73F602}"
EndProject
Project("{FAE04EC0-301F-11D3-BF4B-00C04F79EFBC}") = "WorldSim.Contracts", "WorldSim.Contracts\WorldSim.Contracts.csproj", "{5A6073C0-0C5B-45E3-A75C-274F436703B6}"
EndProject
Project("{FAE04EC0-301F-11D3-BF4B-00C04F79EFBC}") = "WorldSim.RefineryAdapter", "WorldSim.RefineryAdapter\WorldSim.RefineryAdapter.csproj", "{7C25AAD3-E27B-47C8-BB81-E05A323E8D8A}"
EndProject
Project("{FAE04EC0-301F-11D3-BF4B-00C04F79EFBC}") = "WorldSim.AI", "WorldSim.AI\WorldSim.AI.csproj", "{130D81FF-FEC6-466D-9AF6-103C3F7D52DE}"
EndProject
Project("{FAE04EC0-301F-11D3-BF4B-00C04F79EFBC}") = "WorldSim.ArchTests", "WorldSim.ArchTests\WorldSim.ArchTests.csproj", "{1B3FEE04-0723-4CE6-8B8F-BC67773C19CB}"
EndProject
Project("{FAE04EC0-301F-11D3-BF4B-00C04F79EFBC}") = "WorldSim.AI.Tests", "WorldSim.AI.Tests\WorldSim.AI.Tests.csproj", "{BBEFC15A-8D23-4AB2-9B40-D704DCB731D0}"
EndProject
Project("{FAE04EC0-301F-11D3-BF4B-00C04F79EFBC}") = "WorldSim.RefineryAdapter.Tests", "WorldSim.RefineryAdapter.Tests\WorldSim.RefineryAdapter.Tests.csproj", "{E1EE24A7-D081-41B0-A7EA-F844238364D5}"
EndProject
Project("{FAE04EC0-301F-11D3-BF4B-00C04F79EFBC}") = "WorldSim.Runtime.Tests", "WorldSim.Runtime.Tests\WorldSim.Runtime.Tests.csproj", "{8A43DA72-8D6B-4AE1-959F-E78ED8FCD36D}"
EndProject
Project("{FAE04EC0-301F-11D3-BF4B-00C04F79EFBC}") = "WorldSim.ScenarioRunner", "WorldSim.ScenarioRunner\WorldSim.ScenarioRunner.csproj", "{9B380EEE-C5F4-4AA3-A619-E8AE12D838C9}"
EndProject
Global
	GlobalSection(SolutionConfigurationPlatforms) = preSolution
		Debug|Any CPU = Debug|Any CPU
		Debug|x64 = Debug|x64
		Debug|x86 = Debug|x86
		Release|Any CPU = Release|Any CPU
		Release|x64 = Release|x64
		Release|x86 = Release|x86
	EndGlobalSection
	GlobalSection(ProjectConfigurationPlatforms) = postSolution
		{80372BC7-2532-4ADE-83E9-8FC29A604667}.Debug|Any CPU.ActiveCfg = Debug|Any CPU
		{80372BC7-2532-4ADE-83E9-8FC29A604667}.Debug|Any CPU.Build.0 = Debug|Any CPU
		{80372BC7-2532-4ADE-83E9-8FC29A604667}.Debug|x64.ActiveCfg = Debug|Any CPU
		{80372BC7-2532-4ADE-83E9-8FC29A604667}.Debug|x64.Build.0 = Debug|Any CPU
		{80372BC7-2532-4ADE-83E9-8FC29A604667}.Debug|x86.ActiveCfg = Debug|Any CPU
		{80372BC7-2532-4ADE-83E9-8FC29A604667}.Debug|x86.Build.0 = Debug|Any CPU
		{80372BC7-2532-4ADE-83E9-8FC29A604667}.Release|Any CPU.ActiveCfg = Release|Any CPU
		{80372BC7-2532-4ADE-83E9-8FC29A604667}.Release|Any CPU.Build.0 = Release|Any CPU
		{80372BC7-2532-4ADE-83E9-8FC29A604667}.Release|x64.ActiveCfg = Release|Any CPU
		{80372BC7-2532-4ADE-83E9-8FC29A604667}.Release|x64.Build.0 = Release|Any CPU
		{80372BC7-2532-4ADE-83E9-8FC29A604667}.Release|x86.ActiveCfg = Release|Any CPU
		{80372BC7-2532-4ADE-83E9-8FC29A604667}.Release|x86.Build.0 = Release|Any CPU
		{339D82CD-A4BB-4D0F-906D-D4050EECAF1F}.Debug|Any CPU.ActiveCfg = Debug|Any CPU
		{339D82CD-A4BB-4D0F-906D-D4050EECAF1F}.Debug|Any CPU.Build.0 = Debug|Any CPU
		{339D82CD-A4BB-4D0F-906D-D4050EECAF1F}.Debug|x64.ActiveCfg = Debug|Any CPU
		{339D82CD-A4BB-4D0F-906D-D4050EECAF1F}.Debug|x64.Build.0 = Debug|Any CPU
		{339D82CD-A4BB-4D0F-906D-D4050EECAF1F}.Debug|x86.ActiveCfg = Debug|Any CPU
		{339D82CD-A4BB-4D0F-906D-D4050EECAF1F}.Debug|x86.Build.0 = Debug|Any CPU
		{339D82CD-A4BB-4D0F-906D-D4050EECAF1F}.Release|Any CPU.ActiveCfg = Release|Any CPU
		{339D82CD-A4BB-4D0F-906D-D4050EECAF1F}.Release|Any CPU.Build.0 = Release|Any CPU
		{339D82CD-A4BB-4D0F-906D-D4050EECAF1F}.Release|x64.ActiveCfg = Release|Any CPU
		{339D82CD-A4BB-4D0F-906D-D4050EECAF1F}.Release|x64.Build.0 = Release|Any CPU
		{339D82CD-A4BB-4D0F-906D-D4050EECAF1F}.Release|x86.ActiveCfg = Release|Any CPU
		{339D82CD-A4BB-4D0F-906D-D4050EECAF1F}.Release|x86.Build.0 = Release|Any CPU
		{10F0B56A-1F4A-4589-A4A7-9D9179022180}.Debug|Any CPU.ActiveCfg = Debug|Any CPU
		{10F0B56A-1F4A-4589-A4A7-9D9179022180}.Debug|Any CPU.Build.0 = Debug|Any CPU
		{10F0B56A-1F4A-4589-A4A7-9D9179022180}.Debug|x64.ActiveCfg = Debug|Any CPU
		{10F0B56A-1F4A-4589-A4A7-9D9179022180}.Debug|x64.Build.0 = Debug|Any CPU
		{10F0B56A-1F4A-4589-A4A7-9D9179022180}.Debug|x86.ActiveCfg = Debug|Any CPU
		{10F0B56A-1F4A-4589-A4A7-9D9179022180}.Debug|x86.Build.0 = Debug|Any CPU
		{10F0B56A-1F4A-4589-A4A7-9D9179022180}.Release|Any CPU.ActiveCfg = Release|Any CPU
		{10F0B56A-1F4A-4589-A4A7-9D9179022180}.Release|Any CPU.Build.0 = Release|Any CPU
		{10F0B56A-1F4A-4589-A4A7-9D9179022180}.Release|x64.ActiveCfg = Release|Any CPU
		{10F0B56A-1F4A-4589-A4A7-9D9179022180}.Release|x64.Build.0 = Release|Any CPU
		{10F0B56A-1F4A-4589-A4A7-9D9179022180}.Release|x86.ActiveCfg = Release|Any CPU
		{10F0B56A-1F4A-4589-A4A7-9D9179022180}.Release|x86.Build.0 = Release|Any CPU
		{19EF43F3-A187-477D-9ECF-80952A1CD427}.Debug|Any CPU.ActiveCfg = Debug|Any CPU
		{19EF43F3-A187-477D-9ECF-80952A1CD427}.Debug|Any CPU.Build.0 = Debug|Any CPU
		{19EF43F3-A187-477D-9ECF-80952A1CD427}.Debug|x64.ActiveCfg = Debug|Any CPU
		{19EF43F3-A187-477D-9ECF-80952A1CD427}.Debug|x64.Build.0 = Debug|Any CPU
		{19EF43F3-A187-477D-9ECF-80952A1CD427}.Debug|x86.ActiveCfg = Debug|Any CPU
		{19EF43F3-A187-477D-9ECF-80952A1CD427}.Debug|x86.Build.0 = Debug|Any CPU
		{19EF43F3-A187-477D-9ECF-80952A1CD427}.Release|Any CPU.ActiveCfg = Release|Any CPU
		{19EF43F3-A187-477D-9ECF-80952A1CD427}.Release|Any CPU.Build.0 = Release|Any CPU
		{19EF43F3-A187-477D-9ECF-80952A1CD427}.Release|x64.ActiveCfg = Release|Any CPU
		{19EF43F3-A187-477D-9ECF-80952A1CD427}.Release|x64.Build.0 = Release|Any CPU
		{19EF43F3-A187-477D-9ECF-80952A1CD427}.Release|x86.ActiveCfg = Release|Any CPU
		{19EF43F3-A187-477D-9ECF-80952A1CD427}.Release|x86.Build.0 = Release|Any CPU
		{8B6BF486-9680-407D-99ED-741FEE73F602}.Debug|Any CPU.ActiveCfg = Debug|Any CPU
		{8B6BF486-9680-407D-99ED-741FEE73F602}.Debug|Any CPU.Build.0 = Debug|Any CPU
		{8B6BF486-9680-407D-99ED-741FEE73F602}.Debug|x64.ActiveCfg = Debug|Any CPU
		{8B6BF486-9680-407D-99ED-741FEE73F602}.Debug|x64.Build.0 = Debug|Any CPU
		{8B6BF486-9680-407D-99ED-741FEE73F602}.Debug|x86.ActiveCfg = Debug|Any CPU
		{8B6BF486-9680-407D-99ED-741FEE73F602}.Debug|x86.Build.0 = Debug|Any CPU
		{8B6BF486-9680-407D-99ED-741FEE73F602}.Release|Any CPU.ActiveCfg = Release|Any CPU
		{8B6BF486-9680-407D-99ED-741FEE73F602}.Release|Any CPU.Build.0 = Release|Any CPU
		{8B6BF486-9680-407D-99ED-741FEE73F602}.Release|x64.ActiveCfg = Release|Any CPU
		{8B6BF486-9680-407D-99ED-741FEE73F602}.Release|x64.Build.0 = Release|Any CPU
		{8B6BF486-9680-407D-99ED-741FEE73F602}.Release|x86.ActiveCfg = Release|Any CPU
		{8B6BF486-9680-407D-99ED-741FEE73F602}.Release|x86.Build.0 = Release|Any CPU
		{5A6073C0-0C5B-45E3-A75C-274F436703B6}.Debug|Any CPU.ActiveCfg = Debug|Any CPU
		{5A6073C0-0C5B-45E3-A75C-274F436703B6}.Debug|Any CPU.Build.0 = Debug|Any CPU
		{5A6073C0-0C5B-45E3-A75C-274F436703B6}.Debug|x64.ActiveCfg = Debug|Any CPU
		{5A6073C0-0C5B-45E3-A75C-274F436703B6}.Debug|x64.Build.0 = Debug|Any CPU
		{5A6073C0-0C5B-45E3-A75C-274F436703B6}.Debug|x86.ActiveCfg = Debug|Any CPU
		{5A6073C0-0C5B-45E3-A75C-274F436703B6}.Debug|x86.Build.0 = Debug|Any CPU
		{5A6073C0-0C5B-45E3-A75C-274F436703B6}.Release|Any CPU.ActiveCfg = Release|Any CPU
		{5A6073C0-0C5B-45E3-A75C-274F436703B6}.Release|Any CPU.Build.0 = Release|Any CPU
		{5A6073C0-0C5B-45E3-A75C-274F436703B6}.Release|x64.ActiveCfg = Release|Any CPU
		{5A6073C0-0C5B-45E3-A75C-274F436703B6}.Release|x64.Build.0 = Release|Any CPU
		{5A6073C0-0C5B-45E3-A75C-274F436703B6}.Release|x86.ActiveCfg = Release|Any CPU
		{5A6073C0-0C5B-45E3-A75C-274F436703B6}.Release|x86.Build.0 = Release|Any CPU
		{7C25AAD3-E27B-47C8-BB81-E05A323E8D8A}.Debug|Any CPU.ActiveCfg = Debug|Any CPU
		{7C25AAD3-E27B-47C8-BB81-E05A323E8D8A}.Debug|Any CPU.Build.0 = Debug|Any CPU
		{7C25AAD3-E27B-47C8-BB81-E05A323E8D8A}.Debug|x64.ActiveCfg = Debug|Any CPU
		{7C25AAD3-E27B-47C8-BB81-E05A323E8D8A}.Debug|x64.Build.0 = Debug|Any CPU
		{7C25AAD3-E27B-47C8-BB81-E05A323E8D8A}.Debug|x86.ActiveCfg = Debug|Any CPU
		{7C25AAD3-E27B-47C8-BB81-E05A323E8D8A}.Debug|x86.Build.0 = Debug|Any CPU
		{7C25AAD3-E27B-47C8-BB81-E05A323E8D8A}.Release|Any CPU.ActiveCfg = Release|Any CPU
		{7C25AAD3-E27B-47C8-BB81-E05A323E8D8A}.Release|Any CPU.Build.0 = Release|Any CPU
		{7C25AAD3-E27B-47C8-BB81-E05A323E8D8A}.Release|x64.ActiveCfg = Release|Any CPU
		{7C25AAD3-E27B-47C8-BB81-E05A323E8D8A}.Release|x64.Build.0 = Release|Any CPU
		{7C25AAD3-E27B-47C8-BB81-E05A323E8D8A}.Release|x86.ActiveCfg = Release|Any CPU
		{7C25AAD3-E27B-47C8-BB81-E05A323E8D8A}.Release|x86.Build.0 = Release|Any CPU
		{130D81FF-FEC6-466D-9AF6-103C3F7D52DE}.Debug|Any CPU.ActiveCfg = Debug|Any CPU
		{130D81FF-FEC6-466D-9AF6-103C3F7D52DE}.Debug|Any CPU.Build.0 = Debug|Any CPU
		{130D81FF-FEC6-466D-9AF6-103C3F7D52DE}.Debug|x64.ActiveCfg = Debug|Any CPU
		{130D81FF-FEC6-466D-9AF6-103C3F7D52DE}.Debug|x64.Build.0 = Debug|Any CPU
		{130D81FF-FEC6-466D-9AF6-103C3F7D52DE}.Debug|x86.ActiveCfg = Debug|Any CPU
		{130D81FF-FEC6-466D-9AF6-103C3F7D52DE}.Debug|x86.Build.0 = Debug|Any CPU
		{130D81FF-FEC6-466D-9AF6-103C3F7D52DE}.Release|Any CPU.ActiveCfg = Release|Any CPU
		{130D81FF-FEC6-466D-9AF6-103C3F7D52DE}.Release|Any CPU.Build.0 = Release|Any CPU
		{130D81FF-FEC6-466D-9AF6-103C3F7D52DE}.Release|x64.ActiveCfg = Release|Any CPU
		{130D81FF-FEC6-466D-9AF6-103C3F7D52DE}.Release|x64.Build.0 = Release|Any CPU
		{130D81FF-FEC6-466D-9AF6-103C3F7D52DE}.Release|x86.ActiveCfg = Release|Any CPU
		{130D81FF-FEC6-466D-9AF6-103C3F7D52DE}.Release|x86.Build.0 = Release|Any CPU
		{1B3FEE04-0723-4CE6-8B8F-BC67773C19CB}.Debug|Any CPU.ActiveCfg = Debug|Any CPU
		{1B3FEE04-0723-4CE6-8B8F-BC67773C19CB}.Debug|Any CPU.Build.0 = Debug|Any CPU
		{1B3FEE04-0723-4CE6-8B8F-BC67773C19CB}.Debug|x64.ActiveCfg = Debug|Any CPU
		{1B3FEE04-0723-4CE6-8B8F-BC67773C19CB}.Debug|x64.Build.0 = Debug|Any CPU
		{1B3FEE04-0723-4CE6-8B8F-BC67773C19CB}.Debug|x86.ActiveCfg = Debug|Any CPU
		{1B3FEE04-0723-4CE6-8B8F-BC67773C19CB}.Debug|x86.Build.0 = Debug|Any CPU
		{1B3FEE04-0723-4CE6-8B8F-BC67773C19CB}.Release|Any CPU.ActiveCfg = Release|Any CPU
		{1B3FEE04-0723-4CE6-8B8F-BC67773C19CB}.Release|Any CPU.Build.0 = Release|Any CPU
		{1B3FEE04-0723-4CE6-8B8F-BC67773C19CB}.Release|x64.ActiveCfg = Release|Any CPU
		{1B3FEE04-0723-4CE6-8B8F-BC67773C19CB}.Release|x64.Build.0 = Release|Any CPU
		{1B3FEE04-0723-4CE6-8B8F-BC67773C19CB}.Release|x86.ActiveCfg = Release|Any CPU
		{1B3FEE04-0723-4CE6-8B8F-BC67773C19CB}.Release|x86.Build.0 = Release|Any CPU
		{BBEFC15A-8D23-4AB2-9B40-D704DCB731D0}.Debug|Any CPU.ActiveCfg = Debug|Any CPU
		{BBEFC15A-8D23-4AB2-9B40-D704DCB731D0}.Debug|Any CPU.Build.0 = Debug|Any CPU
		{BBEFC15A-8D23-4AB2-9B40-D704DCB731D0}.Debug|x64.ActiveCfg = Debug|Any CPU
		{BBEFC15A-8D23-4AB2-9B40-D704DCB731D0}.Debug|x64.Build.0 = Debug|Any CPU
		{BBEFC15A-8D23-4AB2-9B40-D704DCB731D0}.Debug|x86.ActiveCfg = Debug|Any CPU
		{BBEFC15A-8D23-4AB2-9B40-D704DCB731D0}.Debug|x86.Build.0 = Debug|Any CPU
		{BBEFC15A-8D23-4AB2-9B40-D704DCB731D0}.Release|Any CPU.ActiveCfg = Release|Any CPU
		{BBEFC15A-8D23-4AB2-9B40-D704DCB731D0}.Release|Any CPU.Build.0 = Release|Any CPU
		{BBEFC15A-8D23-4AB2-9B40-D704DCB731D0}.Release|x64.ActiveCfg = Release|Any CPU
		{BBEFC15A-8D23-4AB2-9B40-D704DCB731D0}.Release|x64.Build.0 = Release|Any CPU
		{BBEFC15A-8D23-4AB2-9B40-D704DCB731D0}.Release|x86.ActiveCfg = Release|Any CPU
		{BBEFC15A-8D23-4AB2-9B40-D704DCB731D0}.Release|x86.Build.0 = Release|Any CPU
		{E1EE24A7-D081-41B0-A7EA-F844238364D5}.Debug|Any CPU.ActiveCfg = Debug|Any CPU
		{E1EE24A7-D081-41B0-A7EA-F844238364D5}.Debug|Any CPU.Build.0 = Debug|Any CPU
		{E1EE24A7-D081-41B0-A7EA-F844238364D5}.Debug|x64.ActiveCfg = Debug|Any CPU
		{E1EE24A7-D081-41B0-A7EA-F844238364D5}.Debug|x64.Build.0 = Debug|Any CPU
		{E1EE24A7-D081-41B0-A7EA-F844238364D5}.Debug|x86.ActiveCfg = Debug|Any CPU
		{E1EE24A7-D081-41B0-A7EA-F844238364D5}.Debug|x86.Build.0 = Debug|Any CPU
		{E1EE24A7-D081-41B0-A7EA-F844238364D5}.Release|Any CPU.ActiveCfg = Release|Any CPU
		{E1EE24A7-D081-41B0-A7EA-F844238364D5}.Release|Any CPU.Build.0 = Release|Any CPU
		{E1EE24A7-D081-41B0-A7EA-F844238364D5}.Release|x64.ActiveCfg = Release|Any CPU
		{E1EE24A7-D081-41B0-A7EA-F844238364D5}.Release|x64.Build.0 = Release|Any CPU
		{E1EE24A7-D081-41B0-A7EA-F844238364D5}.Release|x86.ActiveCfg = Release|Any CPU
		{E1EE24A7-D081-41B0-A7EA-F844238364D5}.Release|x86.Build.0 = Release|Any CPU
		{8A43DA72-8D6B-4AE1-959F-E78ED8FCD36D}.Debug|Any CPU.ActiveCfg = Debug|Any CPU
		{8A43DA72-8D6B-4AE1-959F-E78ED8FCD36D}.Debug|Any CPU.Build.0 = Debug|Any CPU
		{8A43DA72-8D6B-4AE1-959F-E78ED8FCD36D}.Debug|x64.ActiveCfg = Debug|Any CPU
		{8A43DA72-8D6B-4AE1-959F-E78ED8FCD36D}.Debug|x64.Build.0 = Debug|Any CPU
		{8A43DA72-8D6B-4AE1-959F-E78ED8FCD36D}.Debug|x86.ActiveCfg = Debug|Any CPU
		{8A43DA72-8D6B-4AE1-959F-E78ED8FCD36D}.Debug|x86.Build.0 = Debug|Any CPU
		{8A43DA72-8D6B-4AE1-959F-E78ED8FCD36D}.Release|Any CPU.ActiveCfg = Release|Any CPU
		{8A43DA72-8D6B-4AE1-959F-E78ED8FCD36D}.Release|Any CPU.Build.0 = Release|Any CPU
		{8A43DA72-8D6B-4AE1-959F-E78ED8FCD36D}.Release|x64.ActiveCfg = Release|Any CPU
		{8A43DA72-8D6B-4AE1-959F-E78ED8FCD36D}.Release|x64.Build.0 = Release|Any CPU
		{8A43DA72-8D6B-4AE1-959F-E78ED8FCD36D}.Release|x86.ActiveCfg = Release|Any CPU
		{8A43DA72-8D6B-4AE1-959F-E78ED8FCD36D}.Release|x86.Build.0 = Release|Any CPU
		{9B380EEE-C5F4-4AA3-A619-E8AE12D838C9}.Debug|Any CPU.ActiveCfg = Debug|Any CPU
		{9B380EEE-C5F4-4AA3-A619-E8AE12D838C9}.Debug|Any CPU.Build.0 = Debug|Any CPU
		{9B380EEE-C5F4-4AA3-A619-E8AE12D838C9}.Debug|x64.ActiveCfg = Debug|Any CPU
		{9B380EEE-C5F4-4AA3-A619-E8AE12D838C9}.Debug|x64.Build.0 = Debug|Any CPU
		{9B380EEE-C5F4-4AA3-A619-E8AE12D838C9}.Debug|x86.ActiveCfg = Debug|Any CPU
		{9B380EEE-C5F4-4AA3-A619-E8AE12D838C9}.Debug|x86.Build.0 = Debug|Any CPU
		{9B380EEE-C5F4-4AA3-A619-E8AE12D838C9}.Release|Any CPU.ActiveCfg = Release|Any CPU
		{9B380EEE-C5F4-4AA3-A619-E8AE12D838C9}.Release|Any CPU.Build.0 = Release|Any CPU
		{9B380EEE-C5F4-4AA3-A619-E8AE12D838C9}.Release|x64.ActiveCfg = Release|Any CPU
		{9B380EEE-C5F4-4AA3-A619-E8AE12D838C9}.Release|x64.Build.0 = Release|Any CPU
		{9B380EEE-C5F4-4AA3-A619-E8AE12D838C9}.Release|x86.ActiveCfg = Release|Any CPU
		{9B380EEE-C5F4-4AA3-A619-E8AE12D838C9}.Release|x86.Build.0 = Release|Any CPU
	EndGlobalSection
	GlobalSection(SolutionProperties) = preSolution
		HideSolutionNode = FALSE
	EndGlobalSection
	GlobalSection(ExtensibilityGlobals) = postSolution
		SolutionGuid = {059518F0-DDB2-42B1-B290-8B47730959EF}
	EndGlobalSection
EndGlobal
