
Microsoft Visual Studio Solution File, Format Version 12.00
# Visual Studio Version 17
VisualStudioVersion = 17.13.35931.197 d17.13
MinimumVisualStudioVersion = 10.0.40219.1
Project("{FAE04EC0-301F-11D3-BF4B-00C04F79EFBC}") = "WorldSim", "WorldSim\WorldSim.csproj", "{9C842B2A-6171-4DA4-B61F-C5056A406B5D}"
EndProject
Global
	GlobalSection(SolutionConfigurationPlatforms) = preSolution
		Debug|Any CPU = Debug|Any CPU
		Release|Any CPU = Release|Any CPU
	EndGlobalSection
	GlobalSection(ProjectConfigurationPlatforms) = postSolution
		{9C842B2A-6171-4DA4-B61F-C5056A406B5D}.Debug|Any CPU.ActiveCfg = Debug|Any CPU
		{9C842B2A-6171-4DA4-B61F-C5056A406B5D}.Debug|Any CPU.Build.0 = Debug|Any CPU
		{9C842B2A-6171-4DA4-B61F-C5056A406B5D}.Release|Any CPU.ActiveCfg = Release|Any CPU
		{9C842B2A-6171-4DA4-B61F-C5056A406B5D}.Release|Any CPU.Build.0 = Release|Any CPU
	EndGlobalSection
	GlobalSection(SolutionProperties) = preSolution
		HideSolutionNode = FALSE
	EndGlobalSection
	GlobalSection(ExtensibilityGlobals) = postSolution
		SolutionGuid = {059518F0-DDB2-42B1-B290-8B47730959EF}
	EndGlobalSection
EndGlobal
